
Microsoft Visual Studio Solution File, Format Version 12.00
# Visual Studio Version 16
VisualStudioVersion = 16.0.28803.352
MinimumVisualStudioVersion = 10.0.40219.1
Project("{FAE04EC0-301F-11D3-BF4B-00C04F79EFBC}") = "HomeTasks 14.05.2019", "HomeTasks 14.05.2019\HomeTasks 14.05.2019.csproj", "{5980BCF4-F918-4477-AE37-DBC496CAFFEE}"
EndProject
Global
	GlobalSection(SolutionConfigurationPlatforms) = preSolution
		Debug|Any CPU = Debug|Any CPU
		Release|Any CPU = Release|Any CPU
	EndGlobalSection
	GlobalSection(ProjectConfigurationPlatforms) = postSolution
		{5980BCF4-F918-4477-AE37-DBC496CAFFEE}.Debug|Any CPU.ActiveCfg = Debug|Any CPU
		{5980BCF4-F918-4477-AE37-DBC496CAFFEE}.Debug|Any CPU.Build.0 = Debug|Any CPU
		{5980BCF4-F918-4477-AE37-DBC496CAFFEE}.Release|Any CPU.ActiveCfg = Release|Any CPU
		{5980BCF4-F918-4477-AE37-DBC496CAFFEE}.Release|Any CPU.Build.0 = Release|Any CPU
	EndGlobalSection
	GlobalSection(SolutionProperties) = preSolution
		HideSolutionNode = FALSE
	EndGlobalSection
	GlobalSection(ExtensibilityGlobals) = postSolution
		SolutionGuid = {98ECE948-4DC0-459A-9B6A-3D35D40BF436}
	EndGlobalSection
EndGlobal
